
Microsoft Visual Studio Solution File, Format Version 12.00
# Visual Studio Version 16
VisualStudioVersion = 16.0.31515.178
MinimumVisualStudioVersion = 10.0.40219.1
Project("{9A19103F-16F7-4668-BE54-9A1E7A4F7556}") = "LagTrace", "LagTrace.csproj", "{430BA9FF-7EA0-4C5F-AF22-EDB169EBAD89}"
EndProject
Global
	GlobalSection(SolutionConfigurationPlatforms) = preSolution
		Debug|Any CPU = Debug|Any CPU
		Release|Any CPU = Release|Any CPU
	EndGlobalSection
	GlobalSection(ProjectConfigurationPlatforms) = postSolution
		{430BA9FF-7EA0-4C5F-AF22-EDB169EBAD89}.Debug|Any CPU.ActiveCfg = Debug|Any CPU
		{430BA9FF-7EA0-4C5F-AF22-EDB169EBAD89}.Debug|Any CPU.Build.0 = Debug|Any CPU
		{430BA9FF-7EA0-4C5F-AF22-EDB169EBAD89}.Release|Any CPU.ActiveCfg = Release|Any CPU
		{430BA9FF-7EA0-4C5F-AF22-EDB169EBAD89}.Release|Any CPU.Build.0 = Release|Any CPU
	EndGlobalSection
	GlobalSection(SolutionProperties) = preSolution
		HideSolutionNode = FALSE
	EndGlobalSection
	GlobalSection(ExtensibilityGlobals) = postSolution
		SolutionGuid = {98092B94-3FC7-4FB8-9294-6F4278181A08}
	EndGlobalSection
EndGlobal
